
Microsoft Visual Studio Solution File, Format Version 11.00
# Visual Studio 2010
Project("{FAE04EC0-301F-11D3-BF4B-00C04F79EFBC}") = "GuidClip", "GuidClip\GuidClip.csproj", "{62ED588A-03A5-4AE5-BAA7-B543CCF1E65D}"
EndProject
Global
	GlobalSection(SolutionConfigurationPlatforms) = preSolution
		Debug|x86 = Debug|x86
		Release|x86 = Release|x86
	EndGlobalSection
	GlobalSection(ProjectConfigurationPlatforms) = postSolution
		{62ED588A-03A5-4AE5-BAA7-B543CCF1E65D}.Debug|x86.ActiveCfg = Debug|x86
		{62ED588A-03A5-4AE5-BAA7-B543CCF1E65D}.Debug|x86.Build.0 = Debug|x86
		{62ED588A-03A5-4AE5-BAA7-B543CCF1E65D}.Release|x86.ActiveCfg = Release|x86
		{62ED588A-03A5-4AE5-BAA7-B543CCF1E65D}.Release|x86.Build.0 = Release|x86
	EndGlobalSection
	GlobalSection(SolutionProperties) = preSolution
		HideSolutionNode = FALSE
	EndGlobalSection
EndGlobal
